
Microsoft Visual Studio Solution File, Format Version 12.00
# Visual Studio Version 16
VisualStudioVersion = 16.0.30907.101
MinimumVisualStudioVersion = 10.0.40219.1
Project("{FAE04EC0-301F-11D3-BF4B-00C04F79EFBC}") = "GameDemo", "GameDemo\GameDemo.csproj", "{6CE0566E-9EB6-42A2-8C80-663E07D9F6ED}"
EndProject
Global
	GlobalSection(SolutionConfigurationPlatforms) = preSolution
		Debug|Any CPU = Debug|Any CPU
		Release|Any CPU = Release|Any CPU
	EndGlobalSection
	GlobalSection(ProjectConfigurationPlatforms) = postSolution
		{6CE0566E-9EB6-42A2-8C80-663E07D9F6ED}.Debug|Any CPU.ActiveCfg = Debug|Any CPU
		{6CE0566E-9EB6-42A2-8C80-663E07D9F6ED}.Debug|Any CPU.Build.0 = Debug|Any CPU
		{6CE0566E-9EB6-42A2-8C80-663E07D9F6ED}.Release|Any CPU.ActiveCfg = Release|Any CPU
		{6CE0566E-9EB6-42A2-8C80-663E07D9F6ED}.Release|Any CPU.Build.0 = Release|Any CPU
	EndGlobalSection
	GlobalSection(SolutionProperties) = preSolution
		HideSolutionNode = FALSE
	EndGlobalSection
	GlobalSection(ExtensibilityGlobals) = postSolution
		SolutionGuid = {E4485F8F-6B4B-4BBA-9EAB-EB7773F91F48}
	EndGlobalSection
EndGlobal
